
Microsoft Visual Studio Solution File, Format Version 12.00
# Visual Studio Version 17
VisualStudioVersion = 17.3.32811.315
MinimumVisualStudioVersion = 10.0.40219.1
Project("{FAE04EC0-301F-11D3-BF4B-00C04F79EFBC}") = "WebApi", "WebApi\WebApi.csproj", "{BBEA1A7E-BD32-4DDB-BEB2-9DE010E0885C}"
EndProject
Global
	GlobalSection(SolutionConfigurationPlatforms) = preSolution
		Debug|Any CPU = Debug|Any CPU
		Release|Any CPU = Release|Any CPU
	EndGlobalSection
	GlobalSection(ProjectConfigurationPlatforms) = postSolution
		{BBEA1A7E-BD32-4DDB-BEB2-9DE010E0885C}.Debug|Any CPU.ActiveCfg = Debug|Any CPU
		{BBEA1A7E-BD32-4DDB-BEB2-9DE010E0885C}.Debug|Any CPU.Build.0 = Debug|Any CPU
		{BBEA1A7E-BD32-4DDB-BEB2-9DE010E0885C}.Release|Any CPU.ActiveCfg = Release|Any CPU
		{BBEA1A7E-BD32-4DDB-BEB2-9DE010E0885C}.Release|Any CPU.Build.0 = Release|Any CPU
	EndGlobalSection
	GlobalSection(SolutionProperties) = preSolution
		HideSolutionNode = FALSE
	EndGlobalSection
	GlobalSection(ExtensibilityGlobals) = postSolution
		SolutionGuid = {45CE950E-D32D-46B0-8820-0DB2DDCE2515}
	EndGlobalSection
EndGlobal
